PODS:
  - Capacitor (6.1.1):
    - CapacitorCordova
  - CapacitorAppLauncher (6.0.1):
    - Capacitor
  - CapacitorCordova (6.1.1)
  - CapacitorDevice (6.0.0):
    - Capacitor
  - CapacitorDialog (6.0.0):
    - Capacitor
  - CapacitorGeolocation (6.0.0):
    - Capacitor
  - CapacitorPreferences (6.0.1):
    - Capacitor
  - CapacitorSplashScreen (6.0.1):
    - Capacitor

DEPENDENCIES:
  - "Capacitor (from `../../node_modules/@capacitor/ios`)"
  - "CapacitorAppLauncher (from `../../node_modules/@capacitor/app-launcher`)"
  - "CapacitorCordova (from `../../node_modules/@capacitor/ios`)"
  - "CapacitorDevice (from `../../node_modules/@capacitor/device`)"
  - "CapacitorDialog (from `../../node_modules/@capacitor/dialog`)"
  - "CapacitorGeolocation (from `../../node_modules/@capacitor/geolocation`)"
  - "CapacitorPreferences (from `../../node_modules/@capacitor/preferences`)"
  - "CapacitorSplashScreen (from `../../node_modules/@capacitor/splash-screen`)"

EXTERNAL SOURCES:
  Capacitor:
    :path: "../../node_modules/@capacitor/ios"
  CapacitorAppLauncher:
    :path: "../../node_modules/@capacitor/app-launcher"
  CapacitorCordova:
    :path: "../../node_modules/@capacitor/ios"
  CapacitorDevice:
    :path: "../../node_modules/@capacitor/device"
  CapacitorDialog:
    :path: "../../node_modules/@capacitor/dialog"
  CapacitorGeolocation:
    :path: "../../node_modules/@capacitor/geolocation"
  CapacitorPreferences:
    :path: "../../node_modules/@capacitor/preferences"
  CapacitorSplashScreen:
    :path: "../../node_modules/@capacitor/splash-screen"

SPEC CHECKSUMS:
  Capacitor: 8941aba4364ba9d1b22188569001f2ce45cc2b00
  CapacitorAppLauncher: ca97e232064f293cc23a0083f237af74a2976add
  CapacitorCordova: 8f2cc8d8d3619c566e9418fe8772064a94266106
  CapacitorDevice: f8fd88f9edd1261c55a109f32015b09bbbfdc4a0
  CapacitorDialog: 64aa82840ee5e9c066f9e1a49c1e186afd3f24d2
  CapacitorGeolocation: 1f12bbe372b65116e851bd8e3a94cf0ef9bacebb
  CapacitorPreferences: 72909b165bc7807103778ddbb86d5d8ce06abf71
  CapacitorSplashScreen: 61645214e8f955ff2b80f16a6a3648960fe4c89f

PODFILE CHECKSUM: 13d99e5d4083d3dcf90129262b96131c51b2631d

COCOAPODS: 1.12.1
